
Microsoft Visual Studio Solution File, Format Version 11.00
# Visual Studio 2010
Project("{FAE04EC0-301F-11D3-BF4B-00C04F79EFBC}") = "Visitor", "Visitor\Visitor.csproj", "{F3DE7D06-D7BA-4702-9AA8-DA53542DF6EC}"
EndProject
Project("{FAE04EC0-301F-11D3-BF4B-00C04F79EFBC}") = "Observer", "Observer\Observer.csproj", "{451D6CA5-AF94-402C-A2C5-D2EFCF20863A}"
EndProject
Project("{2150E333-8FDC-42A3-9474-1A3956D46DE8}") = "Behaviourial", "Behaviourial", "{B5548D74-9F2C-4ACB-A0F3-F655EF732D1B}"
EndProject
Project("{2150E333-8FDC-42A3-9474-1A3956D46DE8}") = "Structural", "Structural", "{BF8870E5-69EB-42D0-BB1A-EE1503374C40}"
EndProject
Project("{2150E333-8FDC-42A3-9474-1A3956D46DE8}") = "Creational", "Creational", "{80BC3285-C8A7-4F8B-80F4-1C3141E3D4ED}"
EndProject
Project("{FAE04EC0-301F-11D3-BF4B-00C04F79EFBC}") = "Mediator", "Mediator\Mediator.csproj", "{AE348DF1-2713-4810-A7CF-06C5DC5EEA6B}"
EndProject
Project("{FAE04EC0-301F-11D3-BF4B-00C04F79EFBC}") = "Decorator", "Decorator\Decorator.csproj", "{3E42A44C-7D75-460E-A160-E1DD182644F7}"
EndProject
Project("{FAE04EC0-301F-11D3-BF4B-00C04F79EFBC}") = "Adapter", "Adapter\Adapter.csproj", "{9AE1B575-646B-4388-B28D-BB2CCF82DE62}"
EndProject
Project("{FAE04EC0-301F-11D3-BF4B-00C04F79EFBC}") = "Facade", "Facade\Facade.csproj", "{CCAE2F5A-6E44-4131-AEA0-13C5F627CFF1}"
EndProject
Project("{FAE04EC0-301F-11D3-BF4B-00C04F79EFBC}") = "Singleton", "Singleton\Singleton.csproj", "{FE8D6F2D-CAA6-4121-800A-FF84A2931F4A}"
EndProject
Project("{FAE04EC0-301F-11D3-BF4B-00C04F79EFBC}") = "Builder", "Builder\Builder.csproj", "{D945580F-D65F-4643-86C9-3A9AA383A158}"
EndProject
Project("{FAE04EC0-301F-11D3-BF4B-00C04F79EFBC}") = "Factory", "Factory\Factory.csproj", "{A13951DC-E4C1-4449-A6A0-94DD7798C6DD}"
EndProject
Project("{FAE04EC0-301F-11D3-BF4B-00C04F79EFBC}") = "Prototype", "Prototype\Prototype.csproj", "{A54CA387-28C8-4E33-9587-72C487E57666}"
EndProject
Project("{2150E333-8FDC-42A3-9474-1A3956D46DE8}") = "Test", "Test", "{2B6216B4-B6FE-4F6A-AC6B-EC04A1CED13C}"
EndProject
Project("{FAE04EC0-301F-11D3-BF4B-00C04F79EFBC}") = "Password", "Sample\Password.csproj", "{A050712F-0D7D-41EB-9BF8-390436BAF8A6}"
EndProject
Project("{FAE04EC0-301F-11D3-BF4B-00C04F79EFBC}") = "Unity", "Unity\Unity.csproj", "{D23B26DD-3DA2-420B-B827-1DA4CD4AF9B6}"
EndProject
Global
	GlobalSection(SolutionConfigurationPlatforms) = preSolution
		Debug|x86 = Debug|x86
		Release|x86 = Release|x86
	EndGlobalSection
	GlobalSection(ProjectConfigurationPlatforms) = postSolution
		{F3DE7D06-D7BA-4702-9AA8-DA53542DF6EC}.Debug|x86.ActiveCfg = Debug|x86
		{F3DE7D06-D7BA-4702-9AA8-DA53542DF6EC}.Debug|x86.Build.0 = Debug|x86
		{F3DE7D06-D7BA-4702-9AA8-DA53542DF6EC}.Release|x86.ActiveCfg = Release|x86
		{F3DE7D06-D7BA-4702-9AA8-DA53542DF6EC}.Release|x86.Build.0 = Release|x86
		{451D6CA5-AF94-402C-A2C5-D2EFCF20863A}.Debug|x86.ActiveCfg = Debug|x86
		{451D6CA5-AF94-402C-A2C5-D2EFCF20863A}.Debug|x86.Build.0 = Debug|x86
		{451D6CA5-AF94-402C-A2C5-D2EFCF20863A}.Release|x86.ActiveCfg = Release|x86
		{451D6CA5-AF94-402C-A2C5-D2EFCF20863A}.Release|x86.Build.0 = Release|x86
		{AE348DF1-2713-4810-A7CF-06C5DC5EEA6B}.Debug|x86.ActiveCfg = Debug|x86
		{AE348DF1-2713-4810-A7CF-06C5DC5EEA6B}.Debug|x86.Build.0 = Debug|x86
		{AE348DF1-2713-4810-A7CF-06C5DC5EEA6B}.Release|x86.ActiveCfg = Release|x86
		{AE348DF1-2713-4810-A7CF-06C5DC5EEA6B}.Release|x86.Build.0 = Release|x86
		{3E42A44C-7D75-460E-A160-E1DD182644F7}.Debug|x86.ActiveCfg = Debug|x86
		{3E42A44C-7D75-460E-A160-E1DD182644F7}.Debug|x86.Build.0 = Debug|x86
		{3E42A44C-7D75-460E-A160-E1DD182644F7}.Release|x86.ActiveCfg = Release|x86
		{3E42A44C-7D75-460E-A160-E1DD182644F7}.Release|x86.Build.0 = Release|x86
		{9AE1B575-646B-4388-B28D-BB2CCF82DE62}.Debug|x86.ActiveCfg = Debug|x86
		{9AE1B575-646B-4388-B28D-BB2CCF82DE62}.Debug|x86.Build.0 = Debug|x86
		{9AE1B575-646B-4388-B28D-BB2CCF82DE62}.Release|x86.ActiveCfg = Release|x86
		{9AE1B575-646B-4388-B28D-BB2CCF82DE62}.Release|x86.Build.0 = Release|x86
		{CCAE2F5A-6E44-4131-AEA0-13C5F627CFF1}.Debug|x86.ActiveCfg = Debug|x86
		{CCAE2F5A-6E44-4131-AEA0-13C5F627CFF1}.Debug|x86.Build.0 = Debug|x86
		{CCAE2F5A-6E44-4131-AEA0-13C5F627CFF1}.Release|x86.ActiveCfg = Release|x86
		{CCAE2F5A-6E44-4131-AEA0-13C5F627CFF1}.Release|x86.Build.0 = Release|x86
		{FE8D6F2D-CAA6-4121-800A-FF84A2931F4A}.Debug|x86.ActiveCfg = Debug|x86
		{FE8D6F2D-CAA6-4121-800A-FF84A2931F4A}.Debug|x86.Build.0 = Debug|x86
		{FE8D6F2D-CAA6-4121-800A-FF84A2931F4A}.Release|x86.ActiveCfg = Release|x86
		{FE8D6F2D-CAA6-4121-800A-FF84A2931F4A}.Release|x86.Build.0 = Release|x86
		{D945580F-D65F-4643-86C9-3A9AA383A158}.Debug|x86.ActiveCfg = Debug|x86
		{D945580F-D65F-4643-86C9-3A9AA383A158}.Debug|x86.Build.0 = Debug|x86
		{D945580F-D65F-4643-86C9-3A9AA383A158}.Release|x86.ActiveCfg = Release|x86
		{D945580F-D65F-4643-86C9-3A9AA383A158}.Release|x86.Build.0 = Release|x86
		{A13951DC-E4C1-4449-A6A0-94DD7798C6DD}.Debug|x86.ActiveCfg = Debug|x86
		{A13951DC-E4C1-4449-A6A0-94DD7798C6DD}.Debug|x86.Build.0 = Debug|x86
		{A13951DC-E4C1-4449-A6A0-94DD7798C6DD}.Release|x86.ActiveCfg = Release|x86
		{A13951DC-E4C1-4449-A6A0-94DD7798C6DD}.Release|x86.Build.0 = Release|x86
		{A54CA387-28C8-4E33-9587-72C487E57666}.Debug|x86.ActiveCfg = Debug|x86
		{A54CA387-28C8-4E33-9587-72C487E57666}.Debug|x86.Build.0 = Debug|x86
		{A54CA387-28C8-4E33-9587-72C487E57666}.Release|x86.ActiveCfg = Release|x86
		{A54CA387-28C8-4E33-9587-72C487E57666}.Release|x86.Build.0 = Release|x86
		{A050712F-0D7D-41EB-9BF8-390436BAF8A6}.Debug|x86.ActiveCfg = Debug|x86
		{A050712F-0D7D-41EB-9BF8-390436BAF8A6}.Debug|x86.Build.0 = Debug|x86
		{A050712F-0D7D-41EB-9BF8-390436BAF8A6}.Release|x86.ActiveCfg = Release|x86
		{A050712F-0D7D-41EB-9BF8-390436BAF8A6}.Release|x86.Build.0 = Release|x86
		{D23B26DD-3DA2-420B-B827-1DA4CD4AF9B6}.Debug|x86.ActiveCfg = Debug|x86
		{D23B26DD-3DA2-420B-B827-1DA4CD4AF9B6}.Debug|x86.Build.0 = Debug|x86
		{D23B26DD-3DA2-420B-B827-1DA4CD4AF9B6}.Release|x86.ActiveCfg = Release|x86
		{D23B26DD-3DA2-420B-B827-1DA4CD4AF9B6}.Release|x86.Build.0 = Release|x86
	EndGlobalSection
	GlobalSection(SolutionProperties) = preSolution
		HideSolutionNode = FALSE
	EndGlobalSection
	GlobalSection(NestedProjects) = preSolution
		{451D6CA5-AF94-402C-A2C5-D2EFCF20863A} = {B5548D74-9F2C-4ACB-A0F3-F655EF732D1B}
		{F3DE7D06-D7BA-4702-9AA8-DA53542DF6EC} = {B5548D74-9F2C-4ACB-A0F3-F655EF732D1B}
		{AE348DF1-2713-4810-A7CF-06C5DC5EEA6B} = {B5548D74-9F2C-4ACB-A0F3-F655EF732D1B}
		{3E42A44C-7D75-460E-A160-E1DD182644F7} = {BF8870E5-69EB-42D0-BB1A-EE1503374C40}
		{9AE1B575-646B-4388-B28D-BB2CCF82DE62} = {BF8870E5-69EB-42D0-BB1A-EE1503374C40}
		{CCAE2F5A-6E44-4131-AEA0-13C5F627CFF1} = {BF8870E5-69EB-42D0-BB1A-EE1503374C40}
		{FE8D6F2D-CAA6-4121-800A-FF84A2931F4A} = {80BC3285-C8A7-4F8B-80F4-1C3141E3D4ED}
		{D945580F-D65F-4643-86C9-3A9AA383A158} = {80BC3285-C8A7-4F8B-80F4-1C3141E3D4ED}
		{A13951DC-E4C1-4449-A6A0-94DD7798C6DD} = {80BC3285-C8A7-4F8B-80F4-1C3141E3D4ED}
		{A54CA387-28C8-4E33-9587-72C487E57666} = {80BC3285-C8A7-4F8B-80F4-1C3141E3D4ED}
		{A050712F-0D7D-41EB-9BF8-390436BAF8A6} = {2B6216B4-B6FE-4F6A-AC6B-EC04A1CED13C}
		{D23B26DD-3DA2-420B-B827-1DA4CD4AF9B6} = {2B6216B4-B6FE-4F6A-AC6B-EC04A1CED13C}
	EndGlobalSection
EndGlobal
